
Microsoft Visual Studio Solution File, Format Version 12.00
# Visual Studio Version 17
VisualStudioVersion = 17.8.34601.278
MinimumVisualStudioVersion = 10.0.40219.1
Project("{FAE04EC0-301F-11D3-BF4B-00C04F79EFBC}") = "Task-4-1", "Task-4-1.csproj", "{4E937A99-8938-4F61-AB18-F15BE572B643}"
EndProject
Global
	GlobalSection(SolutionConfigurationPlatforms) = preSolution
		Debug|Any CPU = Debug|Any CPU
		Release|Any CPU = Release|Any CPU
	EndGlobalSection
	GlobalSection(ProjectConfigurationPlatforms) = postSolution
		{4E937A99-8938-4F61-AB18-F15BE572B643}.Debug|Any CPU.ActiveCfg = Debug|Any CPU
		{4E937A99-8938-4F61-AB18-F15BE572B643}.Debug|Any CPU.Build.0 = Debug|Any CPU
		{4E937A99-8938-4F61-AB18-F15BE572B643}.Release|Any CPU.ActiveCfg = Release|Any CPU
		{4E937A99-8938-4F61-AB18-F15BE572B643}.Release|Any CPU.Build.0 = Release|Any CPU
	EndGlobalSection
	GlobalSection(SolutionProperties) = preSolution
		HideSolutionNode = FALSE
	EndGlobalSection
	GlobalSection(ExtensibilityGlobals) = postSolution
		SolutionGuid = {78F81B8B-C582-44DD-BAC8-EEF8D31C4EBD}
	EndGlobalSection
EndGlobal
